
Microsoft Visual Studio Solution File, Format Version 12.00
# Visual Studio 15
VisualStudioVersion = 15.0.27703.2000
MinimumVisualStudioVersion = 10.0.40219.1
Project("{FAE04EC0-301F-11D3-BF4B-00C04F79EFBC}") = "Test1.Android", "Test1\Test1.Android\Test1.Android.csproj", "{E6B1EF75-B3BD-4234-9030-1826EB48EAA6}"
EndProject
Project("{FAE04EC0-301F-11D3-BF4B-00C04F79EFBC}") = "Test1.iOS", "Test1\Test1.iOS\Test1.iOS.csproj", "{EFAC0904-FF64-4E74-8AC3-6F4AC47DAC31}"
EndProject
Project("{FAE04EC0-301F-11D3-BF4B-00C04F79EFBC}") = "Test1", "Test1\Test1\Test1.csproj", "{2C55E7CC-E6D1-4499-AA87-C30E9C05B386}"
EndProject
Global
	GlobalSection(SolutionConfigurationPlatforms) = preSolution
		Ad-Hoc|Any CPU = Ad-Hoc|Any CPU
		Ad-Hoc|iPhone = Ad-Hoc|iPhone
		Ad-Hoc|iPhoneSimulator = Ad-Hoc|iPhoneSimulator
		AppStore|Any CPU = AppStore|Any CPU
		AppStore|iPhone = AppStore|iPhone
		AppStore|iPhoneSimulator = AppStore|iPhoneSimulator
		Debug|Any CPU = Debug|Any CPU
		Debug|iPhone = Debug|iPhone
		Debug|iPhoneSimulator = Debug|iPhoneSimulator
		Release|Any CPU = Release|Any CPU
		Release|iPhone = Release|iPhone
		Release|iPhoneSimulator = Release|iPhoneSimulator
	EndGlobalSection
	GlobalSection(ProjectConfigurationPlatforms) = postSolution
		{E6B1EF75-B3BD-4234-9030-1826EB48EAA6}.Ad-Hoc|Any CPU.ActiveCfg = Release|Any CPU
		{E6B1EF75-B3BD-4234-9030-1826EB48EAA6}.Ad-Hoc|Any CPU.Build.0 = Release|Any CPU
		{E6B1EF75-B3BD-4234-9030-1826EB48EAA6}.Ad-Hoc|Any CPU.Deploy.0 = Release|Any CPU
		{E6B1EF75-B3BD-4234-9030-1826EB48EAA6}.Ad-Hoc|iPhone.ActiveCfg = Release|Any CPU
		{E6B1EF75-B3BD-4234-9030-1826EB48EAA6}.Ad-Hoc|iPhone.Build.0 = Release|Any CPU
		{E6B1EF75-B3BD-4234-9030-1826EB48EAA6}.Ad-Hoc|iPhone.Deploy.0 = Release|Any CPU
		{E6B1EF75-B3BD-4234-9030-1826EB48EAA6}.Ad-Hoc|iPhoneSimulator.ActiveCfg = Release|Any CPU
		{E6B1EF75-B3BD-4234-9030-1826EB48EAA6}.Ad-Hoc|iPhoneSimulator.Build.0 = Release|Any CPU
		{E6B1EF75-B3BD-4234-9030-1826EB48EAA6}.Ad-Hoc|iPhoneSimulator.Deploy.0 = Release|Any CPU
		{E6B1EF75-B3BD-4234-9030-1826EB48EAA6}.AppStore|Any CPU.ActiveCfg = Release|Any CPU
		{E6B1EF75-B3BD-4234-9030-1826EB48EAA6}.AppStore|Any CPU.Build.0 = Release|Any CPU
		{E6B1EF75-B3BD-4234-9030-1826EB48EAA6}.AppStore|Any CPU.Deploy.0 = Release|Any CPU
		{E6B1EF75-B3BD-4234-9030-1826EB48EAA6}.AppStore|iPhone.ActiveCfg = Release|Any CPU
		{E6B1EF75-B3BD-4234-9030-1826EB48EAA6}.AppStore|iPhone.Build.0 = Release|Any CPU
		{E6B1EF75-B3BD-4234-9030-1826EB48EAA6}.AppStore|iPhone.Deploy.0 = Release|Any CPU
		{E6B1EF75-B3BD-4234-9030-1826EB48EAA6}.AppStore|iPhoneSimulator.ActiveCfg = Release|Any CPU
		{E6B1EF75-B3BD-4234-9030-1826EB48EAA6}.AppStore|iPhoneSimulator.Build.0 = Release|Any CPU
		{E6B1EF75-B3BD-4234-9030-1826EB48EAA6}.AppStore|iPhoneSimulator.Deploy.0 = Release|Any CPU
		{E6B1EF75-B3BD-4234-9030-1826EB48EAA6}.Debug|Any CPU.ActiveCfg = Debug|Any CPU
		{E6B1EF75-B3BD-4234-9030-1826EB48EAA6}.Debug|Any CPU.Build.0 = Debug|Any CPU
		{E6B1EF75-B3BD-4234-9030-1826EB48EAA6}.Debug|Any CPU.Deploy.0 = Debug|Any CPU
		{E6B1EF75-B3BD-4234-9030-1826EB48EAA6}.Debug|iPhone.ActiveCfg = Debug|Any CPU
		{E6B1EF75-B3BD-4234-9030-1826EB48EAA6}.Debug|iPhone.Build.0 = Debug|Any CPU
		{E6B1EF75-B3BD-4234-9030-1826EB48EAA6}.Debug|iPhone.Deploy.0 = Debug|Any CPU
		{E6B1EF75-B3BD-4234-9030-1826EB48EAA6}.Debug|iPhoneSimulator.ActiveCfg = Debug|Any CPU
		{E6B1EF75-B3BD-4234-9030-1826EB48EAA6}.Debug|iPhoneSimulator.Build.0 = Debug|Any CPU
		{E6B1EF75-B3BD-4234-9030-1826EB48EAA6}.Debug|iPhoneSimulator.Deploy.0 = Debug|Any CPU
		{E6B1EF75-B3BD-4234-9030-1826EB48EAA6}.Release|Any CPU.ActiveCfg = Release|Any CPU
		{E6B1EF75-B3BD-4234-9030-1826EB48EAA6}.Release|Any CPU.Build.0 = Release|Any CPU
		{E6B1EF75-B3BD-4234-9030-1826EB48EAA6}.Release|Any CPU.Deploy.0 = Release|Any CPU
		{E6B1EF75-B3BD-4234-9030-1826EB48EAA6}.Release|iPhone.ActiveCfg = Release|Any CPU
		{E6B1EF75-B3BD-4234-9030-1826EB48EAA6}.Release|iPhone.Build.0 = Release|Any CPU
		{E6B1EF75-B3BD-4234-9030-1826EB48EAA6}.Release|iPhone.Deploy.0 = Release|Any CPU
		{E6B1EF75-B3BD-4234-9030-1826EB48EAA6}.Release|iPhoneSimulator.ActiveCfg = Release|Any CPU
		{E6B1EF75-B3BD-4234-9030-1826EB48EAA6}.Release|iPhoneSimulator.Build.0 = Release|Any CPU
		{E6B1EF75-B3BD-4234-9030-1826EB48EAA6}.Release|iPhoneSimulator.Deploy.0 = Release|Any CPU
		{EFAC0904-FF64-4E74-8AC3-6F4AC47DAC31}.Ad-Hoc|Any CPU.ActiveCfg = Ad-Hoc|iPhone
		{EFAC0904-FF64-4E74-8AC3-6F4AC47DAC31}.Ad-Hoc|Any CPU.Build.0 = Ad-Hoc|iPhone
		{EFAC0904-FF64-4E74-8AC3-6F4AC47DAC31}.Ad-Hoc|Any CPU.Deploy.0 = Ad-Hoc|iPhone
		{EFAC0904-FF64-4E74-8AC3-6F4AC47DAC31}.Ad-Hoc|iPhone.ActiveCfg = Ad-Hoc|iPhone
		{EFAC0904-FF64-4E74-8AC3-6F4AC47DAC31}.Ad-Hoc|iPhone.Build.0 = Ad-Hoc|iPhone
		{EFAC0904-FF64-4E74-8AC3-6F4AC47DAC31}.Ad-Hoc|iPhone.Deploy.0 = Ad-Hoc|iPhone
		{EFAC0904-FF64-4E74-8AC3-6F4AC47DAC31}.Ad-Hoc|iPhoneSimulator.ActiveCfg = Ad-Hoc|iPhoneSimulator
		{EFAC0904-FF64-4E74-8AC3-6F4AC47DAC31}.Ad-Hoc|iPhoneSimulator.Build.0 = Ad-Hoc|iPhoneSimulator
		{EFAC0904-FF64-4E74-8AC3-6F4AC47DAC31}.Ad-Hoc|iPhoneSimulator.Deploy.0 = Ad-Hoc|iPhoneSimulator
		{EFAC0904-FF64-4E74-8AC3-6F4AC47DAC31}.AppStore|Any CPU.ActiveCfg = AppStore|iPhone
		{EFAC0904-FF64-4E74-8AC3-6F4AC47DAC31}.AppStore|Any CPU.Build.0 = AppStore|iPhone
		{EFAC0904-FF64-4E74-8AC3-6F4AC47DAC31}.AppStore|Any CPU.Deploy.0 = AppStore|iPhone
		{EFAC0904-FF64-4E74-8AC3-6F4AC47DAC31}.AppStore|iPhone.ActiveCfg = AppStore|iPhone
		{EFAC0904-FF64-4E74-8AC3-6F4AC47DAC31}.AppStore|iPhone.Build.0 = AppStore|iPhone
		{EFAC0904-FF64-4E74-8AC3-6F4AC47DAC31}.AppStore|iPhone.Deploy.0 = AppStore|iPhone
		{EFAC0904-FF64-4E74-8AC3-6F4AC47DAC31}.AppStore|iPhoneSimulator.ActiveCfg = AppStore|iPhoneSimulator
		{EFAC0904-FF64-4E74-8AC3-6F4AC47DAC31}.AppStore|iPhoneSimulator.Build.0 = AppStore|iPhoneSimulator
		{EFAC0904-FF64-4E74-8AC3-6F4AC47DAC31}.AppStore|iPhoneSimulator.Deploy.0 = AppStore|iPhoneSimulator
		{EFAC0904-FF64-4E74-8AC3-6F4AC47DAC31}.Debug|Any CPU.ActiveCfg = Debug|iPhoneSimulator
		{EFAC0904-FF64-4E74-8AC3-6F4AC47DAC31}.Debug|Any CPU.Build.0 = Debug|iPhoneSimulator
		{EFAC0904-FF64-4E74-8AC3-6F4AC47DAC31}.Debug|Any CPU.Deploy.0 = Debug|iPhoneSimulator
		{EFAC0904-FF64-4E74-8AC3-6F4AC47DAC31}.Debug|iPhone.ActiveCfg = Debug|iPhone
		{EFAC0904-FF64-4E74-8AC3-6F4AC47DAC31}.Debug|iPhone.Build.0 = Debug|iPhone
		{EFAC0904-FF64-4E74-8AC3-6F4AC47DAC31}.Debug|iPhone.Deploy.0 = Debug|iPhone
		{EFAC0904-FF64-4E74-8AC3-6F4AC47DAC31}.Debug|iPhoneSimulator.ActiveCfg = Debug|iPhoneSimulator
		{EFAC0904-FF64-4E74-8AC3-6F4AC47DAC31}.Debug|iPhoneSimulator.Build.0 = Debug|iPhoneSimulator
		{EFAC0904-FF64-4E74-8AC3-6F4AC47DAC31}.Debug|iPhoneSimulator.Deploy.0 = Debug|iPhoneSimulator
		{EFAC0904-FF64-4E74-8AC3-6F4AC47DAC31}.Release|Any CPU.ActiveCfg = Release|iPhone
		{EFAC0904-FF64-4E74-8AC3-6F4AC47DAC31}.Release|Any CPU.Build.0 = Release|iPhone
		{EFAC0904-FF64-4E74-8AC3-6F4AC47DAC31}.Release|Any CPU.Deploy.0 = Release|iPhone
		{EFAC0904-FF64-4E74-8AC3-6F4AC47DAC31}.Release|iPhone.ActiveCfg = Release|iPhone
		{EFAC0904-FF64-4E74-8AC3-6F4AC47DAC31}.Release|iPhone.Build.0 = Release|iPhone
		{EFAC0904-FF64-4E74-8AC3-6F4AC47DAC31}.Release|iPhone.Deploy.0 = Release|iPhone
		{EFAC0904-FF64-4E74-8AC3-6F4AC47DAC31}.Release|iPhoneSimulator.ActiveCfg = Release|iPhoneSimulator
		{EFAC0904-FF64-4E74-8AC3-6F4AC47DAC31}.Release|iPhoneSimulator.Build.0 = Release|iPhoneSimulator
		{EFAC0904-FF64-4E74-8AC3-6F4AC47DAC31}.Release|iPhoneSimulator.Deploy.0 = Release|iPhoneSimulator
		{2C55E7CC-E6D1-4499-AA87-C30E9C05B386}.Ad-Hoc|Any CPU.ActiveCfg = Debug|Any CPU
		{2C55E7CC-E6D1-4499-AA87-C30E9C05B386}.Ad-Hoc|Any CPU.Build.0 = Debug|Any CPU
		{2C55E7CC-E6D1-4499-AA87-C30E9C05B386}.Ad-Hoc|Any CPU.Deploy.0 = Debug|Any CPU
		{2C55E7CC-E6D1-4499-AA87-C30E9C05B386}.Ad-Hoc|iPhone.ActiveCfg = Debug|Any CPU
		{2C55E7CC-E6D1-4499-AA87-C30E9C05B386}.Ad-Hoc|iPhone.Build.0 = Debug|Any CPU
		{2C55E7CC-E6D1-4499-AA87-C30E9C05B386}.Ad-Hoc|iPhone.Deploy.0 = Debug|Any CPU
		{2C55E7CC-E6D1-4499-AA87-C30E9C05B386}.Ad-Hoc|iPhoneSimulator.ActiveCfg = Debug|Any CPU
		{2C55E7CC-E6D1-4499-AA87-C30E9C05B386}.Ad-Hoc|iPhoneSimulator.Build.0 = Debug|Any CPU
		{2C55E7CC-E6D1-4499-AA87-C30E9C05B386}.Ad-Hoc|iPhoneSimulator.Deploy.0 = Debug|Any CPU
		{2C55E7CC-E6D1-4499-AA87-C30E9C05B386}.AppStore|Any CPU.ActiveCfg = Debug|Any CPU
		{2C55E7CC-E6D1-4499-AA87-C30E9C05B386}.AppStore|Any CPU.Build.0 = Debug|Any CPU
		{2C55E7CC-E6D1-4499-AA87-C30E9C05B386}.AppStore|Any CPU.Deploy.0 = Debug|Any CPU
		{2C55E7CC-E6D1-4499-AA87-C30E9C05B386}.AppStore|iPhone.ActiveCfg = Debug|Any CPU
		{2C55E7CC-E6D1-4499-AA87-C30E9C05B386}.AppStore|iPhone.Build.0 = Debug|Any CPU
		{2C55E7CC-E6D1-4499-AA87-C30E9C05B386}.AppStore|iPhone.Deploy.0 = Debug|Any CPU
		{2C55E7CC-E6D1-4499-AA87-C30E9C05B386}.AppStore|iPhoneSimulator.ActiveCfg = Debug|Any CPU
		{2C55E7CC-E6D1-4499-AA87-C30E9C05B386}.AppStore|iPhoneSimulator.Build.0 = Debug|Any CPU
		{2C55E7CC-E6D1-4499-AA87-C30E9C05B386}.AppStore|iPhoneSimulator.Deploy.0 = Debug|Any CPU
		{2C55E7CC-E6D1-4499-AA87-C30E9C05B386}.Debug|Any CPU.ActiveCfg = Debug|Any CPU
		{2C55E7CC-E6D1-4499-AA87-C30E9C05B386}.Debug|Any CPU.Build.0 = Debug|Any CPU
		{2C55E7CC-E6D1-4499-AA87-C30E9C05B386}.Debug|Any CPU.Deploy.0 = Debug|Any CPU
		{2C55E7CC-E6D1-4499-AA87-C30E9C05B386}.Debug|iPhone.ActiveCfg = Debug|Any CPU
		{2C55E7CC-E6D1-4499-AA87-C30E9C05B386}.Debug|iPhone.Build.0 = Debug|Any CPU
		{2C55E7CC-E6D1-4499-AA87-C30E9C05B386}.Debug|iPhone.Deploy.0 = Debug|Any CPU
		{2C55E7CC-E6D1-4499-AA87-C30E9C05B386}.Debug|iPhoneSimulator.ActiveCfg = Debug|Any CPU
		{2C55E7CC-E6D1-4499-AA87-C30E9C05B386}.Debug|iPhoneSimulator.Build.0 = Debug|Any CPU
		{2C55E7CC-E6D1-4499-AA87-C30E9C05B386}.Debug|iPhoneSimulator.Deploy.0 = Debug|Any CPU
		{2C55E7CC-E6D1-4499-AA87-C30E9C05B386}.Release|Any CPU.ActiveCfg = Release|Any CPU
		{2C55E7CC-E6D1-4499-AA87-C30E9C05B386}.Release|Any CPU.Build.0 = Release|Any CPU
		{2C55E7CC-E6D1-4499-AA87-C30E9C05B386}.Release|Any CPU.Deploy.0 = Release|Any CPU
		{2C55E7CC-E6D1-4499-AA87-C30E9C05B386}.Release|iPhone.ActiveCfg = Release|Any CPU
		{2C55E7CC-E6D1-4499-AA87-C30E9C05B386}.Release|iPhone.Build.0 = Release|Any CPU
		{2C55E7CC-E6D1-4499-AA87-C30E9C05B386}.Release|iPhone.Deploy.0 = Release|Any CPU
		{2C55E7CC-E6D1-4499-AA87-C30E9C05B386}.Release|iPhoneSimulator.ActiveCfg = Release|Any CPU
		{2C55E7CC-E6D1-4499-AA87-C30E9C05B386}.Release|iPhoneSimulator.Build.0 = Release|Any CPU
		{2C55E7CC-E6D1-4499-AA87-C30E9C05B386}.Release|iPhoneSimulator.Deploy.0 = Release|Any CPU
	EndGlobalSection
	GlobalSection(SolutionProperties) = preSolution
		HideSolutionNode = FALSE
	EndGlobalSection
	GlobalSection(ExtensibilityGlobals) = postSolution
		SolutionGuid = {AC4FB512-9A4F-4FC4-A119-58122AAB7E85}
	EndGlobalSection
EndGlobal
